
Microsoft Visual Studio Solution File, Format Version 12.00
# Visual Studio Version 16
VisualStudioVersion = 16.0.28803.352
MinimumVisualStudioVersion = 10.0.40219.1
Project("{8BC9CEB8-8B4A-11D0-8D11-00A0C91BC942}") = "Rendering Engine", "Rendering Engine.vcxproj", "{D3F8CB10-53FF-44AA-9957-CE1854C1311E}"
EndProject
Global
	GlobalSection(SolutionConfigurationPlatforms) = preSolution
		Debug|x64 = Debug|x64
		Debug|x86 = Debug|x86
		Release|x64 = Release|x64
		Release|x86 = Release|x86
	EndGlobalSection
	GlobalSection(ProjectConfigurationPlatforms) = postSolution
		{D3F8CB10-53FF-44AA-9957-CE1854C1311E}.Debug|x64.ActiveCfg = Debug|x64
		{D3F8CB10-53FF-44AA-9957-CE1854C1311E}.Debug|x64.Build.0 = Debug|x64
		{D3F8CB10-53FF-44AA-9957-CE1854C1311E}.Debug|x86.ActiveCfg = Debug|Win32
		{D3F8CB10-53FF-44AA-9957-CE1854C1311E}.Debug|x86.Build.0 = Debug|Win32
		{D3F8CB10-53FF-44AA-9957-CE1854C1311E}.Release|x64.ActiveCfg = Release|x64
		{D3F8CB10-53FF-44AA-9957-CE1854C1311E}.Release|x64.Build.0 = Release|x64
		{D3F8CB10-53FF-44AA-9957-CE1854C1311E}.Release|x86.ActiveCfg = Release|Win32
		{D3F8CB10-53FF-44AA-9957-CE1854C1311E}.Release|x86.Build.0 = Release|Win32
	EndGlobalSection
	GlobalSection(SolutionProperties) = preSolution
		HideSolutionNode = FALSE
	EndGlobalSection
	GlobalSection(ExtensibilityGlobals) = postSolution
		SolutionGuid = {3C1AA881-6D50-4B30-816B-515AD29CA49E}
	EndGlobalSection
EndGlobal
