
Microsoft Visual Studio Solution File, Format Version 12.00
# Visual Studio Version 16
VisualStudioVersion = 16.0.28803.352
MinimumVisualStudioVersion = 10.0.40219.1
Project("{8BC9CEB8-8B4A-11D0-8D11-00A0C91BC942}") = "Rendering Engine", "Rendering Engine.vcxproj", "{B7026417-C0E6-4180-A417-D25F98ED8092}"
EndProject
Global
	GlobalSection(SolutionConfigurationPlatforms) = preSolution
		Debug|x64 = Debug|x64
		Debug|x86 = Debug|x86
		Release|x64 = Release|x64
		Release|x86 = Release|x86
	EndGlobalSection
	GlobalSection(ProjectConfigurationPlatforms) = postSolution
		{B7026417-C0E6-4180-A417-D25F98ED8092}.Debug|x64.ActiveCfg = Debug|Win32
		{B7026417-C0E6-4180-A417-D25F98ED8092}.Debug|x64.Build.0 = Debug|Win32
		{B7026417-C0E6-4180-A417-D25F98ED8092}.Debug|x86.ActiveCfg = Debug|Win32
		{B7026417-C0E6-4180-A417-D25F98ED8092}.Debug|x86.Build.0 = Debug|Win32
		{B7026417-C0E6-4180-A417-D25F98ED8092}.Release|x64.ActiveCfg = Release|x64
		{B7026417-C0E6-4180-A417-D25F98ED8092}.Release|x64.Build.0 = Release|x64
		{B7026417-C0E6-4180-A417-D25F98ED8092}.Release|x86.ActiveCfg = Release|Win32
		{B7026417-C0E6-4180-A417-D25F98ED8092}.Release|x86.Build.0 = Release|Win32
	EndGlobalSection
	GlobalSection(SolutionProperties) = preSolution
		HideSolutionNode = FALSE
	EndGlobalSection
	GlobalSection(ExtensibilityGlobals) = postSolution
		SolutionGuid = {DB079668-78F5-4036-B056-4676E26AAA01}
	EndGlobalSection
EndGlobal
